
Microsoft Visual Studio Solution File, Format Version 12.00
# Visual Studio Version 17
VisualStudioVersion = 17.7.34024.191
MinimumVisualStudioVersion = 10.0.40219.1
Project("{9A19103F-16F7-4668-BE54-9A1E7A4F7556}") = "Assignment", "Assignment\Assignment.csproj", "{4348BB22-D896-4D88-8910-5846BC2CA379}"
EndProject
Project("{9A19103F-16F7-4668-BE54-9A1E7A4F7556}") = "AssignmentNHibernate", "AssignmentNHibernate\AssignmentNHibernate.csproj", "{DDFA840A-6FB6-420D-9D49-A8BFF0A6383E}"
EndProject
Project("{9A19103F-16F7-4668-BE54-9A1E7A4F7556}") = "SimpleGRPC", "SimpleGRPC\SimpleGRPC.csproj", "{27B44219-00AF-4833-9A5E-491306715701}"
EndProject
Project("{9A19103F-16F7-4668-BE54-9A1E7A4F7556}") = "AssignmentGRPC", "AssignmentGRPC\AssignmentGRPC.csproj", "{87B6C5D0-7BF1-4A68-9589-7F779D85A28D}"
EndProject
Project("{FAE04EC0-301F-11D3-BF4B-00C04F79EFBC}") = "Share", "Share\Share.csproj", "{687D4629-35EC-402A-AC9B-7D484E6952DC}"
EndProject
Project("{FAE04EC0-301F-11D3-BF4B-00C04F79EFBC}") = "BlazorWebAppRGPC", "BlazorWebAppRGPC\BlazorWebAppRGPC.csproj", "{3B6EE553-833F-4E6F-BE83-371CBCBF31E3}"
EndProject
Global
	GlobalSection(SolutionConfigurationPlatforms) = preSolution
		Debug|Any CPU = Debug|Any CPU
		Release|Any CPU = Release|Any CPU
	EndGlobalSection
	GlobalSection(ProjectConfigurationPlatforms) = postSolution
		{4348BB22-D896-4D88-8910-5846BC2CA379}.Debug|Any CPU.ActiveCfg = Debug|Any CPU
		{4348BB22-D896-4D88-8910-5846BC2CA379}.Debug|Any CPU.Build.0 = Debug|Any CPU
		{4348BB22-D896-4D88-8910-5846BC2CA379}.Release|Any CPU.ActiveCfg = Release|Any CPU
		{4348BB22-D896-4D88-8910-5846BC2CA379}.Release|Any CPU.Build.0 = Release|Any CPU
		{DDFA840A-6FB6-420D-9D49-A8BFF0A6383E}.Debug|Any CPU.ActiveCfg = Debug|Any CPU
		{DDFA840A-6FB6-420D-9D49-A8BFF0A6383E}.Debug|Any CPU.Build.0 = Debug|Any CPU
		{DDFA840A-6FB6-420D-9D49-A8BFF0A6383E}.Release|Any CPU.ActiveCfg = Release|Any CPU
		{DDFA840A-6FB6-420D-9D49-A8BFF0A6383E}.Release|Any CPU.Build.0 = Release|Any CPU
		{27B44219-00AF-4833-9A5E-491306715701}.Debug|Any CPU.ActiveCfg = Debug|Any CPU
		{27B44219-00AF-4833-9A5E-491306715701}.Debug|Any CPU.Build.0 = Debug|Any CPU
		{27B44219-00AF-4833-9A5E-491306715701}.Release|Any CPU.ActiveCfg = Release|Any CPU
		{27B44219-00AF-4833-9A5E-491306715701}.Release|Any CPU.Build.0 = Release|Any CPU
		{87B6C5D0-7BF1-4A68-9589-7F779D85A28D}.Debug|Any CPU.ActiveCfg = Debug|Any CPU
		{87B6C5D0-7BF1-4A68-9589-7F779D85A28D}.Debug|Any CPU.Build.0 = Debug|Any CPU
		{87B6C5D0-7BF1-4A68-9589-7F779D85A28D}.Release|Any CPU.ActiveCfg = Release|Any CPU
		{87B6C5D0-7BF1-4A68-9589-7F779D85A28D}.Release|Any CPU.Build.0 = Release|Any CPU
		{687D4629-35EC-402A-AC9B-7D484E6952DC}.Debug|Any CPU.ActiveCfg = Debug|Any CPU
		{687D4629-35EC-402A-AC9B-7D484E6952DC}.Debug|Any CPU.Build.0 = Debug|Any CPU
		{687D4629-35EC-402A-AC9B-7D484E6952DC}.Release|Any CPU.ActiveCfg = Release|Any CPU
		{687D4629-35EC-402A-AC9B-7D484E6952DC}.Release|Any CPU.Build.0 = Release|Any CPU
		{3B6EE553-833F-4E6F-BE83-371CBCBF31E3}.Debug|Any CPU.ActiveCfg = Debug|Any CPU
		{3B6EE553-833F-4E6F-BE83-371CBCBF31E3}.Debug|Any CPU.Build.0 = Debug|Any CPU
		{3B6EE553-833F-4E6F-BE83-371CBCBF31E3}.Release|Any CPU.ActiveCfg = Release|Any CPU
		{3B6EE553-833F-4E6F-BE83-371CBCBF31E3}.Release|Any CPU.Build.0 = Release|Any CPU
	EndGlobalSection
	GlobalSection(SolutionProperties) = preSolution
		HideSolutionNode = FALSE
	EndGlobalSection
	GlobalSection(ExtensibilityGlobals) = postSolution
		SolutionGuid = {1602C912-9973-4E24-8F0B-F6D9D9C7F4CA}
	EndGlobalSection
EndGlobal
